
Microsoft Visual Studio Solution File, Format Version 12.00
# Visual Studio Version 17
VisualStudioVersion = 17.14.36212.18 d17.14
MinimumVisualStudioVersion = 10.0.40219.1
Project("{FAE04EC0-301F-11D3-BF4B-00C04F79EFBC}") = "ConsoleApp1", "ConsoleApp1\ConsoleApp1.csproj", "{D351AA25-800A-4F7D-A264-D9EF465E5D07}"
EndProject
Project("{FAE04EC0-301F-11D3-BF4B-00C04F79EFBC}") = "TestProject1", "TestProject1\TestProject1.csproj", "{78FC59DD-76D1-4B4A-8F21-E62F91980E50}"
EndProject
Global
	GlobalSection(SolutionConfigurationPlatforms) = preSolution
		Debug|Any CPU = Debug|Any CPU
		Release|Any CPU = Release|Any CPU
	EndGlobalSection
	GlobalSection(ProjectConfigurationPlatforms) = postSolution
		{D351AA25-800A-4F7D-A264-D9EF465E5D07}.Debug|Any CPU.ActiveCfg = Debug|Any CPU
		{D351AA25-800A-4F7D-A264-D9EF465E5D07}.Debug|Any CPU.Build.0 = Debug|Any CPU
		{D351AA25-800A-4F7D-A264-D9EF465E5D07}.Release|Any CPU.ActiveCfg = Release|Any CPU
		{D351AA25-800A-4F7D-A264-D9EF465E5D07}.Release|Any CPU.Build.0 = Release|Any CPU
		{78FC59DD-76D1-4B4A-8F21-E62F91980E50}.Debug|Any CPU.ActiveCfg = Debug|Any CPU
		{78FC59DD-76D1-4B4A-8F21-E62F91980E50}.Debug|Any CPU.Build.0 = Debug|Any CPU
		{78FC59DD-76D1-4B4A-8F21-E62F91980E50}.Release|Any CPU.ActiveCfg = Release|Any CPU
		{78FC59DD-76D1-4B4A-8F21-E62F91980E50}.Release|Any CPU.Build.0 = Release|Any CPU
	EndGlobalSection
	GlobalSection(SolutionProperties) = preSolution
		HideSolutionNode = FALSE
	EndGlobalSection
	GlobalSection(ExtensibilityGlobals) = postSolution
		SolutionGuid = {2872AC70-7588-4A4F-B863-36F684C9B2E9}
	EndGlobalSection
EndGlobal
